
Microsoft Visual Studio Solution File, Format Version 12.00
# Visual Studio 15
VisualStudioVersion = 15.0.28307.136
MinimumVisualStudioVersion = 10.0.40219.1
Project("{8BC9CEB8-8B4A-11D0-8D11-00A0C91BC942}") = "lab03HP", "lab03HP\lab03HP.vcxproj", "{576529A1-61C0-4EBB-9A13-8ADCD2EA0927}"
EndProject
Project("{8BC9CEB8-8B4A-11D0-8D11-00A0C91BC942}") = "lab04HP", "lab04HP\lab04HP.vcxproj", "{EC6B96DD-200E-45EC-BBA5-4C219755EDA6}"
EndProject
Project("{8BC9CEB8-8B4A-11D0-8D11-00A0C91BC942}") = "Expressions", "Expressions\Expressions.vcxproj", "{7311DF40-A73F-4105-9C0C-011025E54AC9}"
EndProject
Project("{8BC9CEB8-8B4A-11D0-8D11-00A0C91BC942}") = "lab06HP", "lab06HP\lab06HP.vcxproj", "{FE78598D-662B-49D0-BCF9-B89CD75F6B99}"
EndProject
Project("{8BC9CEB8-8B4A-11D0-8D11-00A0C91BC942}") = "lab07HP", "lab07HP\lab07HP.vcxproj", "{0B60893A-BE10-4A2D-82F2-85BE6483F4D4}"
EndProject
Project("{8BC9CEB8-8B4A-11D0-8D11-00A0C91BC942}") = "lab08HP", "lab08HP\lab08HP.vcxproj", "{8679A7E8-6689-4970-8D27-6DF70F986B70}"
EndProject
Project("{8BC9CEB8-8B4A-11D0-8D11-00A0C91BC942}") = "lab09HP", "lab09HP\lab09HP.vcxproj", "{4D207056-D9F8-4CE1-882F-DBA42BEBE8B5}"
EndProject
Project("{8BC9CEB8-8B4A-11D0-8D11-00A0C91BC942}") = "lab10HP", "lab10HP\lab10HP.vcxproj", "{420D8B3D-BCFA-4C28-B13A-0D4D52021C50}"
EndProject
Global
	GlobalSection(SolutionConfigurationPlatforms) = preSolution
		Debug|x64 = Debug|x64
		Debug|x86 = Debug|x86
		Release|x64 = Release|x64
		Release|x86 = Release|x86
	EndGlobalSection
	GlobalSection(ProjectConfigurationPlatforms) = postSolution
		{576529A1-61C0-4EBB-9A13-8ADCD2EA0927}.Debug|x64.ActiveCfg = Debug|x64
		{576529A1-61C0-4EBB-9A13-8ADCD2EA0927}.Debug|x64.Build.0 = Debug|x64
		{576529A1-61C0-4EBB-9A13-8ADCD2EA0927}.Debug|x86.ActiveCfg = Debug|Win32
		{576529A1-61C0-4EBB-9A13-8ADCD2EA0927}.Debug|x86.Build.0 = Debug|Win32
		{576529A1-61C0-4EBB-9A13-8ADCD2EA0927}.Release|x64.ActiveCfg = Release|x64
		{576529A1-61C0-4EBB-9A13-8ADCD2EA0927}.Release|x64.Build.0 = Release|x64
		{576529A1-61C0-4EBB-9A13-8ADCD2EA0927}.Release|x86.ActiveCfg = Release|Win32
		{576529A1-61C0-4EBB-9A13-8ADCD2EA0927}.Release|x86.Build.0 = Release|Win32
		{EC6B96DD-200E-45EC-BBA5-4C219755EDA6}.Debug|x64.ActiveCfg = Debug|x64
		{EC6B96DD-200E-45EC-BBA5-4C219755EDA6}.Debug|x64.Build.0 = Debug|x64
		{EC6B96DD-200E-45EC-BBA5-4C219755EDA6}.Debug|x86.ActiveCfg = Debug|Win32
		{EC6B96DD-200E-45EC-BBA5-4C219755EDA6}.Debug|x86.Build.0 = Debug|Win32
		{EC6B96DD-200E-45EC-BBA5-4C219755EDA6}.Release|x64.ActiveCfg = Release|x64
		{EC6B96DD-200E-45EC-BBA5-4C219755EDA6}.Release|x64.Build.0 = Release|x64
		{EC6B96DD-200E-45EC-BBA5-4C219755EDA6}.Release|x86.ActiveCfg = Release|Win32
		{EC6B96DD-200E-45EC-BBA5-4C219755EDA6}.Release|x86.Build.0 = Release|Win32
		{7311DF40-A73F-4105-9C0C-011025E54AC9}.Debug|x64.ActiveCfg = Debug|x64
		{7311DF40-A73F-4105-9C0C-011025E54AC9}.Debug|x64.Build.0 = Debug|x64
		{7311DF40-A73F-4105-9C0C-011025E54AC9}.Debug|x86.ActiveCfg = Debug|Win32
		{7311DF40-A73F-4105-9C0C-011025E54AC9}.Debug|x86.Build.0 = Debug|Win32
		{7311DF40-A73F-4105-9C0C-011025E54AC9}.Release|x64.ActiveCfg = Release|x64
		{7311DF40-A73F-4105-9C0C-011025E54AC9}.Release|x64.Build.0 = Release|x64
		{7311DF40-A73F-4105-9C0C-011025E54AC9}.Release|x86.ActiveCfg = Release|Win32
		{7311DF40-A73F-4105-9C0C-011025E54AC9}.Release|x86.Build.0 = Release|Win32
		{FE78598D-662B-49D0-BCF9-B89CD75F6B99}.Debug|x64.ActiveCfg = Debug|x64
		{FE78598D-662B-49D0-BCF9-B89CD75F6B99}.Debug|x64.Build.0 = Debug|x64
		{FE78598D-662B-49D0-BCF9-B89CD75F6B99}.Debug|x86.ActiveCfg = Debug|Win32
		{FE78598D-662B-49D0-BCF9-B89CD75F6B99}.Debug|x86.Build.0 = Debug|Win32
		{FE78598D-662B-49D0-BCF9-B89CD75F6B99}.Release|x64.ActiveCfg = Release|x64
		{FE78598D-662B-49D0-BCF9-B89CD75F6B99}.Release|x64.Build.0 = Release|x64
		{FE78598D-662B-49D0-BCF9-B89CD75F6B99}.Release|x86.ActiveCfg = Release|Win32
		{FE78598D-662B-49D0-BCF9-B89CD75F6B99}.Release|x86.Build.0 = Release|Win32
		{0B60893A-BE10-4A2D-82F2-85BE6483F4D4}.Debug|x64.ActiveCfg = Debug|x64
		{0B60893A-BE10-4A2D-82F2-85BE6483F4D4}.Debug|x64.Build.0 = Debug|x64
		{0B60893A-BE10-4A2D-82F2-85BE6483F4D4}.Debug|x86.ActiveCfg = Debug|Win32
		{0B60893A-BE10-4A2D-82F2-85BE6483F4D4}.Debug|x86.Build.0 = Debug|Win32
		{0B60893A-BE10-4A2D-82F2-85BE6483F4D4}.Release|x64.ActiveCfg = Release|x64
		{0B60893A-BE10-4A2D-82F2-85BE6483F4D4}.Release|x64.Build.0 = Release|x64
		{0B60893A-BE10-4A2D-82F2-85BE6483F4D4}.Release|x86.ActiveCfg = Release|Win32
		{0B60893A-BE10-4A2D-82F2-85BE6483F4D4}.Release|x86.Build.0 = Release|Win32
		{8679A7E8-6689-4970-8D27-6DF70F986B70}.Debug|x64.ActiveCfg = Debug|x64
		{8679A7E8-6689-4970-8D27-6DF70F986B70}.Debug|x64.Build.0 = Debug|x64
		{8679A7E8-6689-4970-8D27-6DF70F986B70}.Debug|x86.ActiveCfg = Debug|Win32
		{8679A7E8-6689-4970-8D27-6DF70F986B70}.Debug|x86.Build.0 = Debug|Win32
		{8679A7E8-6689-4970-8D27-6DF70F986B70}.Release|x64.ActiveCfg = Release|x64
		{8679A7E8-6689-4970-8D27-6DF70F986B70}.Release|x64.Build.0 = Release|x64
		{8679A7E8-6689-4970-8D27-6DF70F986B70}.Release|x86.ActiveCfg = Release|Win32
		{8679A7E8-6689-4970-8D27-6DF70F986B70}.Release|x86.Build.0 = Release|Win32
		{4D207056-D9F8-4CE1-882F-DBA42BEBE8B5}.Debug|x64.ActiveCfg = Debug|x64
		{4D207056-D9F8-4CE1-882F-DBA42BEBE8B5}.Debug|x64.Build.0 = Debug|x64
		{4D207056-D9F8-4CE1-882F-DBA42BEBE8B5}.Debug|x86.ActiveCfg = Debug|Win32
		{4D207056-D9F8-4CE1-882F-DBA42BEBE8B5}.Debug|x86.Build.0 = Debug|Win32
		{4D207056-D9F8-4CE1-882F-DBA42BEBE8B5}.Release|x64.ActiveCfg = Release|x64
		{4D207056-D9F8-4CE1-882F-DBA42BEBE8B5}.Release|x64.Build.0 = Release|x64
		{4D207056-D9F8-4CE1-882F-DBA42BEBE8B5}.Release|x86.ActiveCfg = Release|Win32
		{4D207056-D9F8-4CE1-882F-DBA42BEBE8B5}.Release|x86.Build.0 = Release|Win32
		{420D8B3D-BCFA-4C28-B13A-0D4D52021C50}.Debug|x64.ActiveCfg = Debug|x64
		{420D8B3D-BCFA-4C28-B13A-0D4D52021C50}.Debug|x64.Build.0 = Debug|x64
		{420D8B3D-BCFA-4C28-B13A-0D4D52021C50}.Debug|x86.ActiveCfg = Debug|Win32
		{420D8B3D-BCFA-4C28-B13A-0D4D52021C50}.Debug|x86.Build.0 = Debug|Win32
		{420D8B3D-BCFA-4C28-B13A-0D4D52021C50}.Release|x64.ActiveCfg = Release|x64
		{420D8B3D-BCFA-4C28-B13A-0D4D52021C50}.Release|x64.Build.0 = Release|x64
		{420D8B3D-BCFA-4C28-B13A-0D4D52021C50}.Release|x86.ActiveCfg = Release|Win32
		{420D8B3D-BCFA-4C28-B13A-0D4D52021C50}.Release|x86.Build.0 = Release|Win32
	EndGlobalSection
	GlobalSection(SolutionProperties) = preSolution
		HideSolutionNode = FALSE
	EndGlobalSection
	GlobalSection(ExtensibilityGlobals) = postSolution
		SolutionGuid = {BBDEEF94-3303-401B-A508-9EF1E30C350F}
	EndGlobalSection
EndGlobal
